
Microsoft Visual Studio Solution File, Format Version 12.00
Project("{FAE04EC0-301F-11D3-BF4B-00C04F79EFBC}") = "AOCDay10", "AOCDay10\AOCDay10.csproj", "{1F7474DB-6121-44CA-89ED-3A0E8BF27CAE}"
EndProject
Global
	GlobalSection(SolutionConfigurationPlatforms) = preSolution
		Debug|Any CPU = Debug|Any CPU
		Release|Any CPU = Release|Any CPU
	EndGlobalSection
	GlobalSection(ProjectConfigurationPlatforms) = postSolution
		{1F7474DB-6121-44CA-89ED-3A0E8BF27CAE}.Debug|Any CPU.ActiveCfg = Debug|Any CPU
		{1F7474DB-6121-44CA-89ED-3A0E8BF27CAE}.Debug|Any CPU.Build.0 = Debug|Any CPU
		{1F7474DB-6121-44CA-89ED-3A0E8BF27CAE}.Release|Any CPU.ActiveCfg = Release|Any CPU
		{1F7474DB-6121-44CA-89ED-3A0E8BF27CAE}.Release|Any CPU.Build.0 = Release|Any CPU
	EndGlobalSection
EndGlobal
