
Microsoft Visual Studio Solution File, Format Version 12.00
Project("{FAE04EC0-301F-11D3-BF4B-00C04F79EFBC}") = "AOCDay6", "AOCDay6\AOCDay6.csproj", "{AFD2F91C-8C0E-45AD-B5E3-5E58A5024AD1}"
EndProject
Global
	GlobalSection(SolutionConfigurationPlatforms) = preSolution
		Debug|Any CPU = Debug|Any CPU
		Release|Any CPU = Release|Any CPU
	EndGlobalSection
	GlobalSection(ProjectConfigurationPlatforms) = postSolution
		{AFD2F91C-8C0E-45AD-B5E3-5E58A5024AD1}.Debug|Any CPU.ActiveCfg = Debug|Any CPU
		{AFD2F91C-8C0E-45AD-B5E3-5E58A5024AD1}.Debug|Any CPU.Build.0 = Debug|Any CPU
		{AFD2F91C-8C0E-45AD-B5E3-5E58A5024AD1}.Release|Any CPU.ActiveCfg = Release|Any CPU
		{AFD2F91C-8C0E-45AD-B5E3-5E58A5024AD1}.Release|Any CPU.Build.0 = Release|Any CPU
	EndGlobalSection
EndGlobal
